// !$*UTF8*$!
{
	archiveVersion = 1;
	classes = {
	};
	objectVersion = 48;
	objects = {

/* Begin PBXBuildFile section */
		E2156EA82067353000A00A7C /* FacebookLogin.framework in Frameworks */ = {isa = PBXBuildFile; fileRef = E2156EA12067353000A00A7C /* FacebookLogin.framework */; };
		E2156EA92067353000A00A7C /* Bolts.framework in Frameworks */ = {isa = PBXBuildFile; fileRef = E2156EA22067353000A00A7C /* Bolts.framework */; };
		E2156EAA2067353000A00A7C /* Kingfisher.framework in Frameworks */ = {isa = PBXBuildFile; fileRef = E2156EA32067353000A00A7C /* Kingfisher.framework */; };
		E2156EAB2067353000A00A7C /* Alamofire.framework in Frameworks */ = {isa = PBXBuildFile; fileRef = E2156EA42067353000A00A7C /* Alamofire.framework */; };
		E2156EAC2067353000A00A7C /* SwiftyJSON.framework in Frameworks */ = {isa = PBXBuildFile; fileRef = E2156EA52067353000A00A7C /* SwiftyJSON.framework */; };
		E2156EAD2067353000A00A7C /* FacebookCore.framework in Frameworks */ = {isa = PBXBuildFile; fileRef = E2156EA62067353000A00A7C /* FacebookCore.framework */; };
		E2156EAE2067353000A00A7C /* FBSDKCoreKit.framework in Frameworks */ = {isa = PBXBuildFile; fileRef = E2156EA72067353000A00A7C /* FBSDKCoreKit.framework */; };
		E2156EB1206737D400A00A7C /* FBSDKLoginKit.framework in Frameworks */ = {isa = PBXBuildFile; fileRef = E2156EB0206737D400A00A7C /* FBSDKLoginKit.framework */; };
		E2D02ECE206720FD007DA779 /* AppDelegate.swift in Sources */ = {isa = PBXBuildFile; fileRef = E2D02ECD206720FD007DA779 /* AppDelegate.swift */; };
		E2D02ED0206720FD007DA779 /* ViewController.swift in Sources */ = {isa = PBXBuildFile; fileRef = E2D02ECF206720FD007DA779 /* ViewController.swift */; };
		E2D02ED5206720FD007DA779 /* Assets.xcassets in Resources */ = {isa = PBXBuildFile; fileRef = E2D02ED4206720FD007DA779 /* Assets.xcassets */; };
		E2D02ED8206720FD007DA779 /* LaunchScreen.storyboard in Resources */ = {isa = PBXBuildFile; fileRef = E2D02ED6206720FD007DA779 /* LaunchScreen.storyboard */; };
/* End PBXBuildFile section */

/* Begin PBXFileReference section */
		E2156EA12067353000A00A7C /* FacebookLogin.framework */ = {isa = PBXFileReference; lastKnownFileType = wrapper.framework; name = FacebookLogin.framework; path = Carthage/Build/iOS/FacebookLogin.framework; sourceTree = "<group>"; };
		E2156EA22067353000A00A7C /* Bolts.framework */ = {isa = PBXFileReference; lastKnownFileType = wrapper.framework; name = Bolts.framework; path = Carthage/Build/iOS/Bolts.framework; sourceTree = "<group>"; };
		E2156EA32067353000A00A7C /* Kingfisher.framework */ = {isa = PBXFileReference; lastKnownFileType = wrapper.framework; name = Kingfisher.framework; path = Carthage/Build/iOS/Kingfisher.framework; sourceTree = "<group>"; };
		E2156EA42067353000A00A7C /* Alamofire.framework */ = {isa = PBXFileReference; lastKnownFileType = wrapper.framework; name = Alamofire.framework; path = Carthage/Build/iOS/Alamofire.framework; sourceTree = "<group>"; };
		E2156EA52067353000A00A7C /* SwiftyJSON.framework */ = {isa = PBXFileReference; lastKnownFileType = wrapper.framework; name = SwiftyJSON.framework; path = Carthage/Build/iOS/SwiftyJSON.framework; sourceTree = "<group>"; };
		E2156EA62067353000A00A7C /* FacebookCore.framework */ = {isa = PBXFileReference; lastKnownFileType = wrapper.framework; name = FacebookCore.framework; path = Carthage/Build/iOS/FacebookCore.framework; sourceTree = "<group>"; };
		E2156EA72067353000A00A7C /* FBSDKCoreKit.framework */ = {isa = PBXFileReference; lastKnownFileType = wrapper.framework; name = FBSDKCoreKit.framework; path = Carthage/Build/iOS/FBSDKCoreKit.framework; sourceTree = "<group>"; };
		E2156EB0206737D400A00A7C /* FBSDKLoginKit.framework */ = {isa = PBXFileReference; lastKnownFileType = wrapper.framework; name = FBSDKLoginKit.framework; path = Carthage/Build/iOS/FBSDKLoginKit.framework; sourceTree = "<group>"; };
		E2D02ECA206720FD007DA779 /* vodka-soda.app */ = {isa = PBXFileReference; explicitFileType = wrapper.application; includeInIndex = 0; path = "vodka-soda.app"; sourceTree = BUILT_PRODUCTS_DIR; };
		E2D02ECD206720FD007DA779 /* AppDelegate.swift */ = {isa = PBXFileReference; lastKnownFileType = sourcecode.swift; path = AppDelegate.swift; sourceTree = "<group>"; };
		E2D02ECF206720FD007DA779 /* ViewController.swift */ = {isa = PBXFileReference; lastKnownFileType = sourcecode.swift; path = ViewController.swift; sourceTree = "<group>"; };
		E2D02ED4206720FD007DA779 /* Assets.xcassets */ = {isa = PBXFileReference; lastKnownFileType = folder.assetcatalog; path = Assets.xcassets; sourceTree = "<group>"; };
		E2D02ED7206720FD007DA779 /* Base */ = {isa = PBXFileReference; lastKnownFileType = file.storyboard; name = Base; path = Base.lproj/LaunchScreen.storyboard; sourceTree = "<group>"; };
		E2D02ED9206720FD007DA779 /* Info.plist */ = {isa = PBXFileReference; lastKnownFileType = text.plist.xml; path = Info.plist; sourceTree = "<group>"; };
/* End PBXFileReference section */

/* Begin PBXFrameworksBuildPhase section */
		E2D02EC7206720FD007DA779 /* Frameworks */ = {
			isa = PBXFrameworksBuildPhase;
			buildActionMask = 2147483647;
			files = (
				E2156EA82067353000A00A7C /* FacebookLogin.framework in Frameworks */,
				E2156EB1206737D400A00A7C /* FBSDKLoginKit.framework in Frameworks */,
				E2156EA92067353000A00A7C /* Bolts.framework in Frameworks */,
				E2156EAA2067353000A00A7C /* Kingfisher.framework in Frameworks */,
				E2156EAB2067353000A00A7C /* Alamofire.framework in Frameworks */,
				E2156EAC2067353000A00A7C /* SwiftyJSON.framework in Frameworks */,
				E2156EAD2067353000A00A7C /* FacebookCore.framework in Frameworks */,
				E2156EAE2067353000A00A7C /* FBSDKCoreKit.framework in Frameworks */,
			);
			runOnlyForDeploymentPostprocessing = 0;
		};
/* End PBXFrameworksBuildPhase section */

/* Begin PBXGroup section */
		E2156EA02067353000A00A7C /* Frameworks */ = {
			isa = PBXGroup;
			children = (
				E2156EB0206737D400A00A7C /* FBSDKLoginKit.framework */,
				E2156EA42067353000A00A7C /* Alamofire.framework */,
				E2156EA22067353000A00A7C /* Bolts.framework */,
				E2156EA62067353000A00A7C /* FacebookCore.framework */,
				E2156EA12067353000A00A7C /* FacebookLogin.framework */,
				E2156EA72067353000A00A7C /* FBSDKCoreKit.framework */,
				E2156EA32067353000A00A7C /* Kingfisher.framework */,
				E2156EA52067353000A00A7C /* SwiftyJSON.framework */,
			);
			name = Frameworks;
			sourceTree = "<group>";
		};
		E2D02EC1206720FD007DA779 = {
			isa = PBXGroup;
			children = (
				E2D02ECC206720FD007DA779 /* vodka-soda */,
				E2D02ECB206720FD007DA779 /* Products */,
				E2156EA02067353000A00A7C /* Frameworks */,
			);
			sourceTree = "<group>";
		};
		E2D02ECB206720FD007DA779 /* Products */ = {
			isa = PBXGroup;
			children = (
				E2D02ECA206720FD007DA779 /* vodka-soda.app */,
			);
			name = Products;
			sourceTree = "<group>";
		};
		E2D02ECC206720FD007DA779 /* vodka-soda */ = {
			isa = PBXGroup;
			children = (
				E2D02ECD206720FD007DA779 /* AppDelegate.swift */,
				E2D02ECF206720FD007DA779 /* ViewController.swift */,
				E2D02ED4206720FD007DA779 /* Assets.xcassets */,
				E2D02ED6206720FD007DA779 /* LaunchScreen.storyboard */,
				E2D02ED9206720FD007DA779 /* Info.plist */,
			);
			path = "vodka-soda";
			sourceTree = "<group>";
		};
/* End PBXGroup section */

/* Begin PBXNativeTarget section */
		E2D02EC9206720FD007DA779 /* vodka-soda */ = {
			isa = PBXNativeTarget;
			buildConfigurationList = E2D02EDC206720FD007DA779 /* Build configuration list for PBXNativeTarget "vodka-soda" */;
			buildPhases = (
				E2D02EC6206720FD007DA779 /* Sources */,
				E2D02EC7206720FD007DA779 /* Frameworks */,
				E2D02EC8206720FD007DA779 /* Resources */,
				E2156EAF206735EB00A00A7C /* ShellScript */,
			);
			buildRules = (
			);
			dependencies = (
			);
			name = "vodka-soda";
			productName = "vodka-soda";
			productReference = E2D02ECA206720FD007DA779 /* vodka-soda.app */;
			productType = "com.apple.product-type.application";
		};
/* End PBXNativeTarget section */

/* Begin PBXProject section */
		E2D02EC2206720FD007DA779 /* Project object */ = {
			isa = PBXProject;
			attributes = {
				LastSwiftUpdateCheck = 0920;
				LastUpgradeCheck = 0920;
				ORGANIZATIONNAME = "Tom Meagher";
				TargetAttributes = {
					E2D02EC9206720FD007DA779 = {
						CreatedOnToolsVersion = 9.2;
						ProvisioningStyle = Automatic;
					};
				};
			};
			buildConfigurationList = E2D02EC5206720FD007DA779 /* Build configuration list for PBXProject "vodka-soda" */;
			compatibilityVersion = "Xcode 8.0";
			developmentRegion = en;
			hasScannedForEncodings = 0;
			knownRegions = (
				en,
				Base,
			);
			mainGroup = E2D02EC1206720FD007DA779;
			productRefGroup = E2D02ECB206720FD007DA779 /* Products */;
			projectDirPath = "";
			projectRoot = "";
			targets = (
				E2D02EC9206720FD007DA779 /* vodka-soda */,
			);
		};
/* End PBXProject section */

/* Begin PBXResourcesBuildPhase section */
		E2D02EC8206720FD007DA779 /* Resources */ = {
			isa = PBXResourcesBuildPhase;
			buildActionMask = 2147483647;
			files = (
				E2D02ED8206720FD007DA779 /* LaunchScreen.storyboard in Resources */,
				E2D02ED5206720FD007DA779 /* Assets.xcassets in Resources */,
			);
			runOnlyForDeploymentPostprocessing = 0;
		};
/* End PBXResourcesBuildPhase section */

/* Begin PBXShellScriptBuildPhase section */
		E2156EAF206735EB00A00A7C /* ShellScript */ = {
			isa = PBXShellScriptBuildPhase;
			buildActionMask = 2147483647;
			files = (
			);
			inputPaths = (
				"$(SRCROOT)/Carthage/Build/iOS/Alamofire.framework",
				"$(SRCROOT)/Carthage/Build/iOS/Bolts.framework",
				"$(SRCROOT)/Carthage/Build/iOS/FacebookCore.framework",
				"$(SRCROOT)/Carthage/Build/iOS/FacebookLogin.framework",
				"$(SRCROOT)/Carthage/Build/iOS/FBSDKCoreKit.framework",
				"$(SRCROOT)/Carthage/Build/iOS/Kingfisher.framework",
				"$(SRCROOT)/Carthage/Build/iOS/SwiftyJSON.framework",
				"$(SRCROOT)/Carthage/Build/iOS/FBSDKLoginKit.framework",
			);
			outputPaths = (
				"$(BUILT_PRODUCTS_DIR)/$(FRAMEWORKS_FOLDER_PATH)/Alamofire.framework",
				"$(BUILT_PRODUCTS_DIR)/$(FRAMEWORKS_FOLDER_PATH)/Bolts.framework",
				"$(BUILT_PRODUCTS_DIR)/$(FRAMEWORKS_FOLDER_PATH)/FacebookCore.framework",
				"$(BUILT_PRODUCTS_DIR)/$(FRAMEWORKS_FOLDER_PATH)/FacebookLogin.framework",
				"$(BUILT_PRODUCTS_DIR)/$(FRAMEWORKS_FOLDER_PATH)/FBSDKCoreKit.framework",
				"$(BUILT_PRODUCTS_DIR)/$(FRAMEWORKS_FOLDER_PATH)/Kingfisher.framework",
				"$(BUILT_PRODUCTS_DIR)/$(FRAMEWORKS_FOLDER_PATH)/SwiftyJSON.framework",
				"$(BUILT_PRODUCTS_DIR)/$(FRAMEWORKS_FOLDER_PATH)/FBSDKLoginKit.framework",
			);
			runOnlyForDeploymentPostprocessing = 0;
			shellPath = /bin/sh;
			shellScript = "/usr/local/bin/carthage copy-frameworks";
		};
/* End PBXShellScriptBuildPhase section */

/* Begin PBXSourcesBuildPhase section */
		E2D02EC6206720FD007DA779 /* Sources */ = {
			isa = PBXSourcesBuildPhase;
			buildActionMask = 2147483647;
			files = (
				E2D02ED0206720FD007DA779 /* ViewController.swift in Sources */,
				E2D02ECE206720FD007DA779 /* AppDelegate.swift in Sources */,
			);
			runOnlyForDeploymentPostprocessing = 0;
		};
/* End PBXSourcesBuildPhase section */

/* Begin PBXVariantGroup section */
		E2D02ED6206720FD007DA779 /* LaunchScreen.storyboard */ = {
			isa = PBXVariantGroup;
			children = (
				E2D02ED7206720FD007DA779 /* Base */,
			);
			name = LaunchScreen.storyboard;
			sourceTree = "<group>";
		};
/* End PBXVariantGroup section */

/* Begin XCBuildConfiguration section */
		E2D02EDA206720FD007DA779 /* Debug */ = {
			isa = XCBuildConfiguration;
			buildSettings = {
				ALWAYS_SEARCH_USER_PATHS = NO;
				CLANG_ANALYZER_NONNULL = YES;
				CLANG_ANALYZER_NUMBER_OBJECT_CONVERSION = YES_AGGRESSIVE;
				CLANG_CXX_LANGUAGE_STANDARD = "gnu++14";
				CLANG_CXX_LIBRARY = "libc++";
				CLANG_ENABLE_MODULES = YES;
				CLANG_ENABLE_OBJC_ARC = YES;
				CLANG_WARN_BLOCK_CAPTURE_AUTORELEASING = YES;
				CLANG_WARN_BOOL_CONVERSION = YES;
				CLANG_WARN_COMMA = YES;
				CLANG_WARN_CONSTANT_CONVERSION = YES;
				CLANG_WARN_DIRECT_OBJC_ISA_USAGE = YES_ERROR;
				CLANG_WARN_DOCUMENTATION_COMMENTS = YES;
				CLANG_WARN_EMPTY_BODY = YES;
				CLANG_WARN_ENUM_CONVERSION = YES;
				CLANG_WARN_INFINITE_RECURSION = YES;
				CLANG_WARN_INT_CONVERSION = YES;
				CLANG_WARN_NON_LITERAL_NULL_CONVERSION = YES;
				CLANG_WARN_OBJC_LITERAL_CONVERSION = YES;
				CLANG_WARN_OBJC_ROOT_CLASS = YES_ERROR;
				CLANG_WARN_RANGE_LOOP_ANALYSIS = YES;
				CLANG_WARN_STRICT_PROTOTYPES = YES;
				CLANG_WARN_SUSPICIOUS_MOVE = YES;
				CLANG_WARN_UNGUARDED_AVAILABILITY = YES_AGGRESSIVE;
				CLANG_WARN_UNREACHABLE_CODE = YES;
				CLANG_WARN__DUPLICATE_METHOD_MATCH = YES;
				CODE_SIGN_IDENTITY = "iPhone Developer";
				COPY_PHASE_STRIP = NO;
				DEBUG_INFORMATION_FORMAT = dwarf;
				ENABLE_STRICT_OBJC_MSGSEND = YES;
				ENABLE_TESTABILITY = YES;
				GCC_C_LANGUAGE_STANDARD = gnu11;
				GCC_DYNAMIC_NO_PIC = NO;
				GCC_NO_COMMON_BLOCKS = YES;
				GCC_OPTIMIZATION_LEVEL = 0;
				GCC_PREPROCESSOR_DEFINITIONS = (
					"DEBUG=1",
					"$(inherited)",
				);
				GCC_WARN_64_TO_32_BIT_CONVERSION = YES;
				GCC_WARN_ABOUT_RETURN_TYPE = YES_ERROR;
				GCC_WARN_UNDECLARED_SELECTOR = YES;
				GCC_WARN_UNINITIALIZED_AUTOS = YES_AGGRESSIVE;
				GCC_WARN_UNUSED_FUNCTION = YES;
				GCC_WARN_UNUSED_VARIABLE = YES;
				IPHONEOS_DEPLOYMENT_TARGET = 11.2;
				MTL_ENABLE_DEBUG_INFO = YES;
				ONLY_ACTIVE_ARCH = YES;
				SDKROOT = iphoneos;
				SWIFT_ACTIVE_COMPILATION_CONDITIONS = DEBUG;
				SWIFT_OPTIMIZATION_LEVEL = "-Onone";
			};
			name = Debug;
		};
		E2D02EDB206720FD007DA779 /* Release */ = {
			isa = XCBuildConfiguration;
			buildSettings = {
				ALWAYS_SEARCH_USER_PATHS = NO;
				CLANG_ANALYZER_NONNULL = YES;
				CLANG_ANALYZER_NUMBER_OBJECT_CONVERSION = YES_AGGRESSIVE;
				CLANG_CXX_LANGUAGE_STANDARD = "gnu++14";
				CLANG_CXX_LIBRARY = "libc++";
				CLANG_ENABLE_MODULES = YES;
				CLANG_ENABLE_OBJC_ARC = YES;
				CLANG_WARN_BLOCK_CAPTURE_AUTORELEASING = YES;
				CLANG_WARN_BOOL_CONVERSION = YES;
				CLANG_WARN_COMMA = YES;
				CLANG_WARN_CONSTANT_CONVERSION = YES;
				CLANG_WARN_DIRECT_OBJC_ISA_USAGE = YES_ERROR;
				CLANG_WARN_DOCUMENTATION_COMMENTS = YES;
				CLANG_WARN_EMPTY_BODY = YES;
				CLANG_WARN_ENUM_CONVERSION = YES;
				CLANG_WARN_INFINITE_RECURSION = YES;
				CLANG_WARN_INT_CONVERSION = YES;
				CLANG_WARN_NON_LITERAL_NULL_CONVERSION = YES;
				CLANG_WARN_OBJC_LITERAL_CONVERSION = YES;
				CLANG_WARN_OBJC_ROOT_CLASS = YES_ERROR;
				CLANG_WARN_RANGE_LOOP_ANALYSIS = YES;
				CLANG_WARN_STRICT_PROTOTYPES = YES;
				CLANG_WARN_SUSPICIOUS_MOVE = YES;
				CLANG_WARN_UNGUARDED_AVAILABILITY = YES_AGGRESSIVE;
				CLANG_WARN_UNREACHABLE_CODE = YES;
				CLANG_WARN__DUPLICATE_METHOD_MATCH = YES;
				CODE_SIGN_IDENTITY = "iPhone Developer";
				COPY_PHASE_STRIP = NO;
				DEBUG_INFORMATION_FORMAT = "dwarf-with-dsym";
				ENABLE_NS_ASSERTIONS = NO;
				ENABLE_STRICT_OBJC_MSGSEND = YES;
				GCC_C_LANGUAGE_STANDARD = gnu11;
				GCC_NO_COMMON_BLOCKS = YES;
				GCC_WARN_64_TO_32_BIT_CONVERSION = YES;
				GCC_WARN_ABOUT_RETURN_TYPE = YES_ERROR;
				GCC_WARN_UNDECLARED_SELECTOR = YES;
				GCC_WARN_UNINITIALIZED_AUTOS = YES_AGGRESSIVE;
				GCC_WARN_UNUSED_FUNCTION = YES;
				GCC_WARN_UNUSED_VARIABLE = YES;
				IPHONEOS_DEPLOYMENT_TARGET = 11.2;
				MTL_ENABLE_DEBUG_INFO = NO;
				SDKROOT = iphoneos;
				SWIFT_OPTIMIZATION_LEVEL = "-Owholemodule";
				VALIDATE_PRODUCT = YES;
			};
			name = Release;
		};
		E2D02EDD206720FD007DA779 /* Debug */ = {
			isa = XCBuildConfiguration;
			buildSettings = {
				ASSETCATALOG_COMPILER_APPICON_NAME = AppIcon;
				CODE_SIGN_STYLE = Automatic;
				DEVELOPMENT_TEAM = LCFAPK739L;
				FRAMEWORK_SEARCH_PATHS = (
					"$(inherited)",
					"$(PROJECT_DIR)/Carthage/Build/iOS",
				);
				INFOPLIST_FILE = "vodka-soda/Info.plist";
				IPHONEOS_DEPLOYMENT_TARGET = 11.0;
				LD_RUNPATH_SEARCH_PATHS = "$(inherited) @executable_path/Frameworks";
				PRODUCT_BUNDLE_IDENTIFIER = "co.meagher.vodka-soda";
				PRODUCT_NAME = "$(TARGET_NAME)";
				SWIFT_VERSION = 4.0;
				TARGETED_DEVICE_FAMILY = 1;
			};
			name = Debug;
		};
		E2D02EDE206720FD007DA779 /* Release */ = {
			isa = XCBuildConfiguration;
			buildSettings = {
				ASSETCATALOG_COMPILER_APPICON_NAME = AppIcon;
				CODE_SIGN_STYLE = Automatic;
				DEVELOPMENT_TEAM = LCFAPK739L;
				FRAMEWORK_SEARCH_PATHS = (
					"$(inherited)",
					"$(PROJECT_DIR)/Carthage/Build/iOS",
				);
				INFOPLIST_FILE = "vodka-soda/Info.plist";
				IPHONEOS_DEPLOYMENT_TARGET = 11.0;
				LD_RUNPATH_SEARCH_PATHS = "$(inherited) @executable_path/Frameworks";
				PRODUCT_BUNDLE_IDENTIFIER = "co.meagher.vodka-soda";
				PRODUCT_NAME = "$(TARGET_NAME)";
				SWIFT_VERSION = 4.0;
				TARGETED_DEVICE_FAMILY = 1;
			};
			name = Release;
		};
/* End XCBuildConfiguration section */

/* Begin XCConfigurationList section */
		E2D02EC5206720FD007DA779 /* Build configuration list for PBXProject "vodka-soda" */ = {
			isa = XCConfigurationList;
			buildConfigurations = (
				E2D02EDA206720FD007DA779 /* Debug */,
				E2D02EDB206720FD007DA779 /* Release */,
			);
			defaultConfigurationIsVisible = 0;
			defaultConfigurationName = Release;
		};
		E2D02EDC206720FD007DA779 /* Build configuration list for PBXNativeTarget "vodka-soda" */ = {
			isa = XCConfigurationList;
			buildConfigurations = (
				E2D02EDD206720FD007DA779 /* Debug */,
				E2D02EDE206720FD007DA779 /* Release */,
			);
			defaultConfigurationIsVisible = 0;
			defaultConfigurationName = Release;
		};
/* End XCConfigurationList section */
	};
	rootObject = E2D02EC2206720FD007DA779 /* Project object */;
}
